
Microsoft Visual Studio Solution File, Format Version 12.00
# Visual Studio Version 17
VisualStudioVersion = 17.0.31903.59
MinimumVisualStudioVersion = 10.0.40219.1
Project("{2150E333-8FDC-42A3-9474-1A3956D46DE8}") = "tests", "tests", "{E4683F51-8164-47B7-9BD8-1CFB2ECDEF69}"
EndProject
Project("{FAE04EC0-301F-11D3-BF4B-00C04F79EFBC}") = "DominandoTestesDeUnidades.Tests", "tests\Demo.Tests\DominandoTestesDeUnidades.Tests.csproj", "{5EAEF149-EFBB-42C1-95E6-D1CEE3DA8EFA}"
EndProject
Project("{2150E333-8FDC-42A3-9474-1A3956D46DE8}") = "src", "src", "{6F59665A-E022-477A-919F-85FF0129E156}"
EndProject
Project("{FAE04EC0-301F-11D3-BF4B-00C04F79EFBC}") = "DominandoTestesDeUnidades.Demo", "src\Demo.DominantoTestesDeUnidades\DominandoTestesDeUnidades.Demo.csproj", "{4846C5B3-AB1D-42BC-9078-85AD93B31B91}"
EndProject
Global
	GlobalSection(SolutionProperties) = preSolution
		HideSolutionNode = FALSE
	EndGlobalSection
	GlobalSection(SolutionConfigurationPlatforms) = preSolution
		Debug|Any CPU = Debug|Any CPU
		Debug|x64 = Debug|x64
		Debug|x86 = Debug|x86
		Release|Any CPU = Release|Any CPU
		Release|x64 = Release|x64
		Release|x86 = Release|x86
	EndGlobalSection
	GlobalSection(ProjectConfigurationPlatforms) = postSolution
		{5EAEF149-EFBB-42C1-95E6-D1CEE3DA8EFA}.Debug|Any CPU.ActiveCfg = Debug|Any CPU
		{5EAEF149-EFBB-42C1-95E6-D1CEE3DA8EFA}.Debug|Any CPU.Build.0 = Debug|Any CPU
		{5EAEF149-EFBB-42C1-95E6-D1CEE3DA8EFA}.Debug|x64.ActiveCfg = Debug|Any CPU
		{5EAEF149-EFBB-42C1-95E6-D1CEE3DA8EFA}.Debug|x64.Build.0 = Debug|Any CPU
		{5EAEF149-EFBB-42C1-95E6-D1CEE3DA8EFA}.Debug|x86.ActiveCfg = Debug|Any CPU
		{5EAEF149-EFBB-42C1-95E6-D1CEE3DA8EFA}.Debug|x86.Build.0 = Debug|Any CPU
		{5EAEF149-EFBB-42C1-95E6-D1CEE3DA8EFA}.Release|Any CPU.ActiveCfg = Release|Any CPU
		{5EAEF149-EFBB-42C1-95E6-D1CEE3DA8EFA}.Release|Any CPU.Build.0 = Release|Any CPU
		{5EAEF149-EFBB-42C1-95E6-D1CEE3DA8EFA}.Release|x64.ActiveCfg = Release|Any CPU
		{5EAEF149-EFBB-42C1-95E6-D1CEE3DA8EFA}.Release|x64.Build.0 = Release|Any CPU
		{5EAEF149-EFBB-42C1-95E6-D1CEE3DA8EFA}.Release|x86.ActiveCfg = Release|Any CPU
		{5EAEF149-EFBB-42C1-95E6-D1CEE3DA8EFA}.Release|x86.Build.0 = Release|Any CPU
		{4846C5B3-AB1D-42BC-9078-85AD93B31B91}.Debug|Any CPU.ActiveCfg = Debug|Any CPU
		{4846C5B3-AB1D-42BC-9078-85AD93B31B91}.Debug|Any CPU.Build.0 = Debug|Any CPU
		{4846C5B3-AB1D-42BC-9078-85AD93B31B91}.Debug|x64.ActiveCfg = Debug|Any CPU
		{4846C5B3-AB1D-42BC-9078-85AD93B31B91}.Debug|x64.Build.0 = Debug|Any CPU
		{4846C5B3-AB1D-42BC-9078-85AD93B31B91}.Debug|x86.ActiveCfg = Debug|Any CPU
		{4846C5B3-AB1D-42BC-9078-85AD93B31B91}.Debug|x86.Build.0 = Debug|Any CPU
		{4846C5B3-AB1D-42BC-9078-85AD93B31B91}.Release|Any CPU.ActiveCfg = Release|Any CPU
		{4846C5B3-AB1D-42BC-9078-85AD93B31B91}.Release|Any CPU.Build.0 = Release|Any CPU
		{4846C5B3-AB1D-42BC-9078-85AD93B31B91}.Release|x64.ActiveCfg = Release|Any CPU
		{4846C5B3-AB1D-42BC-9078-85AD93B31B91}.Release|x64.Build.0 = Release|Any CPU
		{4846C5B3-AB1D-42BC-9078-85AD93B31B91}.Release|x86.ActiveCfg = Release|Any CPU
		{4846C5B3-AB1D-42BC-9078-85AD93B31B91}.Release|x86.Build.0 = Release|Any CPU
	EndGlobalSection
	GlobalSection(NestedProjects) = preSolution
		{5EAEF149-EFBB-42C1-95E6-D1CEE3DA8EFA} = {E4683F51-8164-47B7-9BD8-1CFB2ECDEF69}
		{4846C5B3-AB1D-42BC-9078-85AD93B31B91} = {6F59665A-E022-477A-919F-85FF0129E156}
	EndGlobalSection
EndGlobal
